
Microsoft Visual Studio Solution File, Format Version 12.00
# Visual Studio Version 17
VisualStudioVersion = 17.8.34511.84
MinimumVisualStudioVersion = 10.0.40219.1
Project("{FAE04EC0-301F-11D3-BF4B-00C04F79EFBC}") = "ConditionalAndLoops_11_05_2024", "ConditionalAndLoops_11_05_2024.csproj", "{F63BBADB-B93C-4108-B22C-A0A41D79A0D4}"
EndProject
Global
	GlobalSection(SolutionConfigurationPlatforms) = preSolution
		Debug|Any CPU = Debug|Any CPU
		Release|Any CPU = Release|Any CPU
	EndGlobalSection
	GlobalSection(ProjectConfigurationPlatforms) = postSolution
		{F63BBADB-B93C-4108-B22C-A0A41D79A0D4}.Debug|Any CPU.ActiveCfg = Debug|Any CPU
		{F63BBADB-B93C-4108-B22C-A0A41D79A0D4}.Debug|Any CPU.Build.0 = Debug|Any CPU
		{F63BBADB-B93C-4108-B22C-A0A41D79A0D4}.Release|Any CPU.ActiveCfg = Release|Any CPU
		{F63BBADB-B93C-4108-B22C-A0A41D79A0D4}.Release|Any CPU.Build.0 = Release|Any CPU
	EndGlobalSection
	GlobalSection(SolutionProperties) = preSolution
		HideSolutionNode = FALSE
	EndGlobalSection
	GlobalSection(ExtensibilityGlobals) = postSolution
		SolutionGuid = {5DF60892-178F-4B9A-8AF6-36A70C0F6192}
	EndGlobalSection
EndGlobal
